dependencies:
- name: armonik-common
  repository: file://../armonik-common
  version: 0.1.0
- name: keda
  repository: https://kedacore.github.io/charts
  version: 2.21.0
- name: external-secrets
  repository: https://charts.external-secrets.io
  version: 2.11.0
- name: cert-manager
  repository: https://charts.jetstack.io
  version: v1.21.2
- name: psmdb-operator
  repository: https://percona.github.io/percona-helm-charts/
  version: 1.23.1
- name: kube-prometheus-stack
  repository: https://prometheus-community.github.io/helm-charts
  version: 91.5.1
- name: cert-manager-google-cas-issuer
  repository: https://charts.jetstack.io
  version: v0.13.0
digest: sha256:30501056f8ea8631dba3a9d91da4fa254d077e9aae3a336a56c4a58963cae694
generated: "2026-09-24T11:47:33.505398798+02:00"
