dependencies:
- name: armonik-common
  repository: file://../armonik-common
  version: 0.1.0
- name: keda
  repository: https://kedacore.github.io/charts
  version: 2.20.2
- name: external-secrets
  repository: https://charts.external-secrets.io
  version: 2.10.0
- name: cert-manager
  repository: https://charts.jetstack.io
  version: v1.21.2
- name: psmdb-operator
  repository: https://percona.github.io/percona-helm-charts/
  version: 1.23.1
- name: kube-prometheus-stack
  repository: https://prometheus-community.github.io/helm-charts
  version: 82.18.0
digest: sha256:c19015c39ad5da82e287b1ef6612d2f4fed7c24b55ce5a59bdb193530a953dfb
generated: "2026-09-15T15:20:49.925136427+02:00"
