dependencies:
- name: activemq
  repository: file://../activemq
  version: 1.0.0
- name: valkey
  repository: https://valkey.io/valkey-helm/
  version: 0.9.4
- name: psmdb-db
  repository: https://percona.github.io/percona-helm-charts/
  version: 1.23.2
- name: rabbitmq
  repository: https://charts.bitnami.com/bitnami
  version: 15.5.3
- name: grafana
  repository: https://grafana.github.io/helm-charts
  version: 8.15.0
- name: fluent-bit
  repository: https://fluent.github.io/helm-charts
  version: 0.58.2
- name: seq
  repository: https://helm.datalust.co
  version: 2024.3.2
digest: sha256:94e49eb480c8c04084f1b29a980d5aa6254648e36f71ca36f38ec85988ce9f6f
generated: "2026-09-11T14:11:45.299435348+02:00"
