dependencies:
- name: activemq
  repository: file://../activemq
  version: 1.0.0
- name: redis
  repository: https://charts.bitnami.com/bitnami
  version: 20.13.4
- name: mongodb
  repository: https://charts.bitnami.com/bitnami
  version: 16.5.45
- name: kube-prometheus-stack
  repository: https://prometheus-community.github.io/helm-charts
  version: 82.16.2
- name: keda
  repository: https://kedacore.github.io/charts
  version: 2.19.0
- name: rabbitmq
  repository: https://charts.bitnami.com/bitnami
  version: 15.5.3
- name: grafana
  repository: https://grafana.github.io/helm-charts
  version: 8.15.0
- name: fluent-bit
  repository: https://fluent.github.io/helm-charts
  version: 0.57.2
- name: seq
  repository: https://helm.datalust.co
  version: 2024.3.2
- name: cert-manager
  repository: https://charts.jetstack.io
  version: v1.20.1
digest: sha256:90df2fb1dba81bf4a9c7e1186a893d8ee36294730ea6592b66a29d31c18401c7
generated: "2026-04-03T09:19:30.391520039+02:00"
