dependencies:
- name: activemq
  repository: file://../activemq
  version: 1.0.0
- name: valkey
  repository: https://valkey.io/valkey-helm/
  version: 0.12.0
- name: psmdb-db
  repository: https://percona.github.io/percona-helm-charts/
  version: 1.23.2
- name: rabbitmq
  repository: https://charts.bitnami.com/bitnami
  version: 15.5.3
- name: grafana
  repository: https://grafana.github.io/helm-charts
  version: 10.5.15
- name: fluent-bit
  repository: https://fluent.github.io/helm-charts
  version: 0.58.2
- name: seq
  repository: https://helm.datalust.co
  version: 2026.1.1
digest: sha256:79e87b236af54f45c97ebabb758cd96280790c2c4a03b8adcca5a3207944c0c4
generated: "2026-09-17T10:53:47.497116778+02:00"
