dependencies:
- name: control-plane
  repository: file://charts/control-plane
  version: 0.1.0
- name: compute-plane
  repository: file://charts/compute-plane
  version: 0.1.0
- name: ingress
  repository: file://charts/ingress
  version: 0.1.0
- name: activemq
  repository: file://charts/activemq
  version: 1.0.0
- name: redis
  repository: https://charts.bitnami.com/bitnami
  version: 21.2.3
- name: mongodb
  repository: https://charts.bitnami.com/bitnami
  version: 16.5.21
- name: kube-prometheus
  repository: https://charts.bitnami.com/bitnami
  version: 11.2.1
- name: keda
  repository: https://kedacore.github.io/charts
  version: 2.17.1
- name: rabbitmq
  repository: https://charts.bitnami.com/bitnami
  version: 16.0.7
- name: grafana
  repository: https://grafana.github.io/helm-charts
  version: 9.2.3
- name: fluent-bit
  repository: https://charts.bitnami.com/bitnami
  version: 3.1.5
- name: seq
  repository: https://helm.datalust.co
  version: 2025.1.1
- name: cert-manager
  repository: https://charts.jetstack.io
  version: v1.18.0
digest: sha256:82c4cd06eadf6adb24f291330a7daa92eaa19ee5b3af0c59d6852830e54386c1
generated: "2025-06-13T16:50:27.768141029Z"
